
Microsoft Visual Studio Solution File, Format Version 12.00
# Visual Studio Version 17
VisualStudioVersion = 17.5.33627.172
MinimumVisualStudioVersion = 10.0.40219.1
Project("{FAE04EC0-301F-11D3-BF4B-00C04F79EFBC}") = "store2", "store2\store2.csproj", "{057FB718-CDCF-47E3-8653-3978B21AF588}"
EndProject
Global
	GlobalSection(SolutionConfigurationPlatforms) = preSolution
		Debug|Any CPU = Debug|Any CPU
		Release|Any CPU = Release|Any CPU
	EndGlobalSection
	GlobalSection(ProjectConfigurationPlatforms) = postSolution
		{057FB718-CDCF-47E3-8653-3978B21AF588}.Debug|Any CPU.ActiveCfg = Debug|Any CPU
		{057FB718-CDCF-47E3-8653-3978B21AF588}.Debug|Any CPU.Build.0 = Debug|Any CPU
		{057FB718-CDCF-47E3-8653-3978B21AF588}.Release|Any CPU.ActiveCfg = Release|Any CPU
		{057FB718-CDCF-47E3-8653-3978B21AF588}.Release|Any CPU.Build.0 = Release|Any CPU
	EndGlobalSection
	GlobalSection(SolutionProperties) = preSolution
		HideSolutionNode = FALSE
	EndGlobalSection
	GlobalSection(ExtensibilityGlobals) = postSolution
		SolutionGuid = {F629CB89-B025-4288-92A4-AC279572F04C}
	EndGlobalSection
EndGlobal
